
Microsoft Visual Studio Solution File, Format Version 12.00
# Visual Studio Version 17
VisualStudioVersion = 17.11.35312.102
MinimumVisualStudioVersion = 10.0.40219.1
Project("{FAE04EC0-301F-11D3-BF4B-00C04F79EFBC}") = "lab2_CM", "lab2_CM.csproj", "{AC26A474-5EB3-4988-B483-AFD3B274FDC7}"
EndProject
Global
	GlobalSection(SolutionConfigurationPlatforms) = preSolution
		Debug|Any CPU = Debug|Any CPU
		Release|Any CPU = Release|Any CPU
	EndGlobalSection
	GlobalSection(ProjectConfigurationPlatforms) = postSolution
		{AC26A474-5EB3-4988-B483-AFD3B274FDC7}.Debug|Any CPU.ActiveCfg = Debug|Any CPU
		{AC26A474-5EB3-4988-B483-AFD3B274FDC7}.Debug|Any CPU.Build.0 = Debug|Any CPU
		{AC26A474-5EB3-4988-B483-AFD3B274FDC7}.Release|Any CPU.ActiveCfg = Release|Any CPU
		{AC26A474-5EB3-4988-B483-AFD3B274FDC7}.Release|Any CPU.Build.0 = Release|Any CPU
	EndGlobalSection
	GlobalSection(SolutionProperties) = preSolution
		HideSolutionNode = FALSE
	EndGlobalSection
	GlobalSection(ExtensibilityGlobals) = postSolution
		SolutionGuid = {C87FF244-7896-4A95-BD94-49BF61E1502B}
	EndGlobalSection
EndGlobal
